{
    "requires": true,
    "lockfileVersion": 1,
    "dependencies": {
        "bootstrap-steps": {
            "version": "1.0.1",
            "resolved": "https://registry.npmjs.org/bootstrap-steps/-/bootstrap-steps-1.0.1.tgz",
            "integrity": "sha512-U34G9u16/5Q+gV+HEXInPCVTQGtQZoz2cO+O+Acb48z8s1HFuycodSYJccgj3zWnCesyZLBSU6myIRXras18lg=="
        }
    }
}
